github.com/gojek/heimdall v5.0.2+incompatible h1:S9IJNuRErtH5MZ7Aps10haoTAoxy9Q0E0bYIjJZT7Vg=
github.com/gojek/heimdall v5.0.2+incompatible/go.mod h1:caFYHVXyKSrgUJgtgHM+KJZGyI1wWxghxu7aFPLVfI8=
github.com/gojektech/heimdall v5.0.2+incompatible h1:mfGLnHNTKN7b1OMTO4ZvL3oT2P13kqTTV7owK7BZDck=
github.com/gojektech/heimdall v5.0.2+incompatible/go.mod h1:8hRIZ3+Kz0r3GAFI9QrUuvZht8ypg5Rs8schCXioLOo=
github.com/gojektech/valkyrie v0.0.0-20190210220504-8f62c1e7ba45 h1:MO2DsGCZz8phRhLnpFvHEQgTH521sVN/6F2GZTbNO3Q=
github.com/gojektech/valkyrie v0.0.0-20190210220504-8f62c1e7ba45/go.mod h1:tDYRk1s5Pms6XJjj5m2PxAzmQvaDU8GqDf1u6x7yxKw=
github.com/pkg/errors v0.8.1 h1:iURUrRGxPUNPdy5/HRSm+Yj6okJ6UtLINN0Q9M4+h3I=
github.com/pkg/errors v0.8.1/go.mod h1:bwawxfHBFNV+L2hUp1rHADufV3IMtnDRdf1r5NINEl0=
