# This file is autogenerated, do not edit; changes may be undone by the next 'dep ensure'.


[[projects]]
  digest = "1:ce81ffad3aa4553bf838a989f1ae04a8eecbcfff602af18a27da447c610e8115"
  name = "github.com/gojek/heimdall"
  packages = [
    ".",
    "httpclient",
  ]
  pruneopts = "NUT"
  revision = "d96502fee6ce808d44580bd44f1a168fa633bd66"
  version = "v5.0.2"

[[projects]]
  digest = "1:e8a21c90be81cc2381f10ae21f29718e6ec335fd14728e3ecb71cc490d872445"
  name = "github.com/gojektech/heimdall"
  packages = ["."]
  pruneopts = "NUT"
  revision = "d96502fee6ce808d44580bd44f1a168fa633bd66"
  version = "v5.0.2"

[[projects]]
  digest = "1:8a48298b54e39f555ae307275ec80b17deeb8825edd97b81cd313787ab86a54a"
  name = "github.com/gojektech/valkyrie"
  packages = ["."]
  pruneopts = "NUT"
  revision = "6aee720afcdffc337029305c126e0079491063f0"
  version = "v1.0"

[[projects]]
  digest = "1:14715f705ff5dfe0ffd6571d7d201dd8e921030f8070321a79380d8ca4ec1a24"
  name = "github.com/pkg/errors"
  packages = ["."]
  pruneopts = "NUT"
  revision = "ba968bfe8b2f7e042a574c888954fccecfa385b4"
  version = "v0.8.1"

[solve-meta]
  analyzer-name = "dep"
  analyzer-version = 1
  input-imports = [
    "github.com/gojek/heimdall",
    "github.com/gojek/heimdall/httpclient",
  ]
  solver-name = "gps-cdcl"
  solver-version = 1
